
Microsoft Visual Studio Solution File, Format Version 12.00
# Visual Studio Version 16
VisualStudioVersion = 16.0.29728.190
MinimumVisualStudioVersion = 10.0.40219.1
Project("{FAE04EC0-301F-11D3-BF4B-00C04F79EFBC}") = "Soccer.Common", "Soccer.Common\Soccer.Common.csproj", "{3634AE4B-C01F-478D-B0EA-00A5DDC83DB9}"
EndProject
Project("{FAE04EC0-301F-11D3-BF4B-00C04F79EFBC}") = "Soccer.Web", "Soccer.Web\Soccer.Web.csproj", "{6878A3D5-2737-42CD-B031-0AC83A34E0A2}"
EndProject
Project("{FAE04EC0-301F-11D3-BF4B-00C04F79EFBC}") = "Soccer.Prism", "Soccer.Prism\Soccer.Prism\Soccer.Prism.csproj", "{131E2CB5-1B03-4D68-8057-B40A1AF25938}"
EndProject
Project("{FAE04EC0-301F-11D3-BF4B-00C04F79EFBC}") = "Soccer.Prism.Android", "Soccer.Prism\Soccer.Prism.Android\Soccer.Prism.Android.csproj", "{4BD5F14D-1357-4F19-8590-4348A5E0F794}"
EndProject
Project("{FAE04EC0-301F-11D3-BF4B-00C04F79EFBC}") = "Soccer.Prism.iOS", "Soccer.Prism\Soccer.Prism.iOS\Soccer.Prism.iOS.csproj", "{ABE3E5CF-2F56-4FE3-8162-2C76AA7D4BC9}"
EndProject
Project("{FAE04EC0-301F-11D3-BF4B-00C04F79EFBC}") = "Soccer.Cross.Android", "Soccer.Cross.Android\Soccer.Cross.Android.csproj", "{F075ADA3-0517-49D4-86EC-65B68FB680ED}"
EndProject
Project("{FAE04EC0-301F-11D3-BF4B-00C04F79EFBC}") = "Soccer.Cross.iOS", "Soccer.Cross.iOS\Soccer.Cross.iOS.csproj", "{F34FBB10-D09C-43A1-BEDF-D61DF1827404}"
EndProject
Global
	GlobalSection(SolutionConfigurationPlatforms) = preSolution
		Ad-Hoc|Any CPU = Ad-Hoc|Any CPU
		Ad-Hoc|iPhone = Ad-Hoc|iPhone
		Ad-Hoc|iPhoneSimulator = Ad-Hoc|iPhoneSimulator
		AppStore|Any CPU = AppStore|Any CPU
		AppStore|iPhone = AppStore|iPhone
		AppStore|iPhoneSimulator = AppStore|iPhoneSimulator
		Debug|Any CPU = Debug|Any CPU
		Debug|iPhone = Debug|iPhone
		Debug|iPhoneSimulator = Debug|iPhoneSimulator
		Release|Any CPU = Release|Any CPU
		Release|iPhone = Release|iPhone
		Release|iPhoneSimulator = Release|iPhoneSimulator
	EndGlobalSection
	GlobalSection(ProjectConfigurationPlatforms) = postSolution
		{3634AE4B-C01F-478D-B0EA-00A5DDC83DB9}.Ad-Hoc|Any CPU.ActiveCfg = Debug|Any CPU
		{3634AE4B-C01F-478D-B0EA-00A5DDC83DB9}.Ad-Hoc|Any CPU.Build.0 = Debug|Any CPU
		{3634AE4B-C01F-478D-B0EA-00A5DDC83DB9}.Ad-Hoc|iPhone.ActiveCfg = Debug|Any CPU
		{3634AE4B-C01F-478D-B0EA-00A5DDC83DB9}.Ad-Hoc|iPhone.Build.0 = Debug|Any CPU
		{3634AE4B-C01F-478D-B0EA-00A5DDC83DB9}.Ad-Hoc|iPhoneSimulator.ActiveCfg = Debug|Any CPU
		{3634AE4B-C01F-478D-B0EA-00A5DDC83DB9}.Ad-Hoc|iPhoneSimulator.Build.0 = Debug|Any CPU
		{3634AE4B-C01F-478D-B0EA-00A5DDC83DB9}.AppStore|Any CPU.ActiveCfg = Debug|Any CPU
		{3634AE4B-C01F-478D-B0EA-00A5DDC83DB9}.AppStore|Any CPU.Build.0 = Debug|Any CPU
		{3634AE4B-C01F-478D-B0EA-00A5DDC83DB9}.AppStore|iPhone.ActiveCfg = Debug|Any CPU
		{3634AE4B-C01F-478D-B0EA-00A5DDC83DB9}.AppStore|iPhone.Build.0 = Debug|Any CPU
		{3634AE4B-C01F-478D-B0EA-00A5DDC83DB9}.AppStore|iPhoneSimulator.ActiveCfg = Debug|Any CPU
		{3634AE4B-C01F-478D-B0EA-00A5DDC83DB9}.AppStore|iPhoneSimulator.Build.0 = Debug|Any CPU
		{3634AE4B-C01F-478D-B0EA-00A5DDC83DB9}.Debug|Any CPU.ActiveCfg = Debug|Any CPU
		{3634AE4B-C01F-478D-B0EA-00A5DDC83DB9}.Debug|Any CPU.Build.0 = Debug|Any CPU
		{3634AE4B-C01F-478D-B0EA-00A5DDC83DB9}.Debug|iPhone.ActiveCfg = Debug|Any CPU
		{3634AE4B-C01F-478D-B0EA-00A5DDC83DB9}.Debug|iPhone.Build.0 = Debug|Any CPU
		{3634AE4B-C01F-478D-B0EA-00A5DDC83DB9}.Debug|iPhoneSimulator.ActiveCfg = Debug|Any CPU
		{3634AE4B-C01F-478D-B0EA-00A5DDC83DB9}.Debug|iPhoneSimulator.Build.0 = Debug|Any CPU
		{3634AE4B-C01F-478D-B0EA-00A5DDC83DB9}.Release|Any CPU.ActiveCfg = Release|Any CPU
		{3634AE4B-C01F-478D-B0EA-00A5DDC83DB9}.Release|Any CPU.Build.0 = Release|Any CPU
		{3634AE4B-C01F-478D-B0EA-00A5DDC83DB9}.Release|iPhone.ActiveCfg = Release|Any CPU
		{3634AE4B-C01F-478D-B0EA-00A5DDC83DB9}.Release|iPhone.Build.0 = Release|Any CPU
		{3634AE4B-C01F-478D-B0EA-00A5DDC83DB9}.Release|iPhoneSimulator.ActiveCfg = Release|Any CPU
		{3634AE4B-C01F-478D-B0EA-00A5DDC83DB9}.Release|iPhoneSimulator.Build.0 = Release|Any CPU
		{6878A3D5-2737-42CD-B031-0AC83A34E0A2}.Ad-Hoc|Any CPU.ActiveCfg = Debug|Any CPU
		{6878A3D5-2737-42CD-B031-0AC83A34E0A2}.Ad-Hoc|Any CPU.Build.0 = Debug|Any CPU
		{6878A3D5-2737-42CD-B031-0AC83A34E0A2}.Ad-Hoc|iPhone.ActiveCfg = Debug|Any CPU
		{6878A3D5-2737-42CD-B031-0AC83A34E0A2}.Ad-Hoc|iPhone.Build.0 = Debug|Any CPU
		{6878A3D5-2737-42CD-B031-0AC83A34E0A2}.Ad-Hoc|iPhoneSimulator.ActiveCfg = Debug|Any CPU
		{6878A3D5-2737-42CD-B031-0AC83A34E0A2}.Ad-Hoc|iPhoneSimulator.Build.0 = Debug|Any CPU
		{6878A3D5-2737-42CD-B031-0AC83A34E0A2}.AppStore|Any CPU.ActiveCfg = Debug|Any CPU
		{6878A3D5-2737-42CD-B031-0AC83A34E0A2}.AppStore|Any CPU.Build.0 = Debug|Any CPU
		{6878A3D5-2737-42CD-B031-0AC83A34E0A2}.AppStore|iPhone.ActiveCfg = Debug|Any CPU
		{6878A3D5-2737-42CD-B031-0AC83A34E0A2}.AppStore|iPhone.Build.0 = Debug|Any CPU
		{6878A3D5-2737-42CD-B031-0AC83A34E0A2}.AppStore|iPhoneSimulator.ActiveCfg = Debug|Any CPU
		{6878A3D5-2737-42CD-B031-0AC83A34E0A2}.AppStore|iPhoneSimulator.Build.0 = Debug|Any CPU
		{6878A3D5-2737-42CD-B031-0AC83A34E0A2}.Debug|Any CPU.ActiveCfg = Debug|Any CPU
		{6878A3D5-2737-42CD-B031-0AC83A34E0A2}.Debug|Any CPU.Build.0 = Debug|Any CPU
		{6878A3D5-2737-42CD-B031-0AC83A34E0A2}.Debug|iPhone.ActiveCfg = Debug|Any CPU
		{6878A3D5-2737-42CD-B031-0AC83A34E0A2}.Debug|iPhone.Build.0 = Debug|Any CPU
		{6878A3D5-2737-42CD-B031-0AC83A34E0A2}.Debug|iPhoneSimulator.ActiveCfg = Debug|Any CPU
		{6878A3D5-2737-42CD-B031-0AC83A34E0A2}.Debug|iPhoneSimulator.Build.0 = Debug|Any CPU
		{6878A3D5-2737-42CD-B031-0AC83A34E0A2}.Release|Any CPU.ActiveCfg = Release|Any CPU
		{6878A3D5-2737-42CD-B031-0AC83A34E0A2}.Release|Any CPU.Build.0 = Release|Any CPU
		{6878A3D5-2737-42CD-B031-0AC83A34E0A2}.Release|iPhone.ActiveCfg = Release|Any CPU
		{6878A3D5-2737-42CD-B031-0AC83A34E0A2}.Release|iPhone.Build.0 = Release|Any CPU
		{6878A3D5-2737-42CD-B031-0AC83A34E0A2}.Release|iPhoneSimulator.ActiveCfg = Release|Any CPU
		{6878A3D5-2737-42CD-B031-0AC83A34E0A2}.Release|iPhoneSimulator.Build.0 = Release|Any CPU
		{131E2CB5-1B03-4D68-8057-B40A1AF25938}.Ad-Hoc|Any CPU.ActiveCfg = Debug|Any CPU
		{131E2CB5-1B03-4D68-8057-B40A1AF25938}.Ad-Hoc|Any CPU.Build.0 = Debug|Any CPU
		{131E2CB5-1B03-4D68-8057-B40A1AF25938}.Ad-Hoc|iPhone.ActiveCfg = Debug|Any CPU
		{131E2CB5-1B03-4D68-8057-B40A1AF25938}.Ad-Hoc|iPhone.Build.0 = Debug|Any CPU
		{131E2CB5-1B03-4D68-8057-B40A1AF25938}.Ad-Hoc|iPhoneSimulator.ActiveCfg = Debug|Any CPU
		{131E2CB5-1B03-4D68-8057-B40A1AF25938}.Ad-Hoc|iPhoneSimulator.Build.0 = Debug|Any CPU
		{131E2CB5-1B03-4D68-8057-B40A1AF25938}.AppStore|Any CPU.ActiveCfg = Debug|Any CPU
		{131E2CB5-1B03-4D68-8057-B40A1AF25938}.AppStore|Any CPU.Build.0 = Debug|Any CPU
		{131E2CB5-1B03-4D68-8057-B40A1AF25938}.AppStore|iPhone.ActiveCfg = Debug|Any CPU
		{131E2CB5-1B03-4D68-8057-B40A1AF25938}.AppStore|iPhone.Build.0 = Debug|Any CPU
		{131E2CB5-1B03-4D68-8057-B40A1AF25938}.AppStore|iPhoneSimulator.ActiveCfg = Debug|Any CPU
		{131E2CB5-1B03-4D68-8057-B40A1AF25938}.AppStore|iPhoneSimulator.Build.0 = Debug|Any CPU
		{131E2CB5-1B03-4D68-8057-B40A1AF25938}.Debug|Any CPU.ActiveCfg = Debug|Any CPU
		{131E2CB5-1B03-4D68-8057-B40A1AF25938}.Debug|Any CPU.Build.0 = Debug|Any CPU
		{131E2CB5-1B03-4D68-8057-B40A1AF25938}.Debug|iPhone.ActiveCfg = Debug|Any CPU
		{131E2CB5-1B03-4D68-8057-B40A1AF25938}.Debug|iPhone.Build.0 = Debug|Any CPU
		{131E2CB5-1B03-4D68-8057-B40A1AF25938}.Debug|iPhoneSimulator.ActiveCfg = Debug|Any CPU
		{131E2CB5-1B03-4D68-8057-B40A1AF25938}.Debug|iPhoneSimulator.Build.0 = Debug|Any CPU
		{131E2CB5-1B03-4D68-8057-B40A1AF25938}.Release|Any CPU.ActiveCfg = Release|Any CPU
		{131E2CB5-1B03-4D68-8057-B40A1AF25938}.Release|Any CPU.Build.0 = Release|Any CPU
		{131E2CB5-1B03-4D68-8057-B40A1AF25938}.Release|iPhone.ActiveCfg = Release|Any CPU
		{131E2CB5-1B03-4D68-8057-B40A1AF25938}.Release|iPhone.Build.0 = Release|Any CPU
		{131E2CB5-1B03-4D68-8057-B40A1AF25938}.Release|iPhoneSimulator.ActiveCfg = Release|Any CPU
		{131E2CB5-1B03-4D68-8057-B40A1AF25938}.Release|iPhoneSimulator.Build.0 = Release|Any CPU
		{4BD5F14D-1357-4F19-8590-4348A5E0F794}.Ad-Hoc|Any CPU.ActiveCfg = Release|Any CPU
		{4BD5F14D-1357-4F19-8590-4348A5E0F794}.Ad-Hoc|Any CPU.Build.0 = Release|Any CPU
		{4BD5F14D-1357-4F19-8590-4348A5E0F794}.Ad-Hoc|Any CPU.Deploy.0 = Release|Any CPU
		{4BD5F14D-1357-4F19-8590-4348A5E0F794}.Ad-Hoc|iPhone.ActiveCfg = Release|Any CPU
		{4BD5F14D-1357-4F19-8590-4348A5E0F794}.Ad-Hoc|iPhone.Build.0 = Release|Any CPU
		{4BD5F14D-1357-4F19-8590-4348A5E0F794}.Ad-Hoc|iPhone.Deploy.0 = Release|Any CPU
		{4BD5F14D-1357-4F19-8590-4348A5E0F794}.Ad-Hoc|iPhoneSimulator.ActiveCfg = Release|Any CPU
		{4BD5F14D-1357-4F19-8590-4348A5E0F794}.Ad-Hoc|iPhoneSimulator.Build.0 = Release|Any CPU
		{4BD5F14D-1357-4F19-8590-4348A5E0F794}.Ad-Hoc|iPhoneSimulator.Deploy.0 = Release|Any CPU
		{4BD5F14D-1357-4F19-8590-4348A5E0F794}.AppStore|Any CPU.ActiveCfg = Release|Any CPU
		{4BD5F14D-1357-4F19-8590-4348A5E0F794}.AppStore|Any CPU.Build.0 = Release|Any CPU
		{4BD5F14D-1357-4F19-8590-4348A5E0F794}.AppStore|Any CPU.Deploy.0 = Release|Any CPU
		{4BD5F14D-1357-4F19-8590-4348A5E0F794}.AppStore|iPhone.ActiveCfg = Release|Any CPU
		{4BD5F14D-1357-4F19-8590-4348A5E0F794}.AppStore|iPhone.Build.0 = Release|Any CPU
		{4BD5F14D-1357-4F19-8590-4348A5E0F794}.AppStore|iPhone.Deploy.0 = Release|Any CPU
		{4BD5F14D-1357-4F19-8590-4348A5E0F794}.AppStore|iPhoneSimulator.ActiveCfg = Release|Any CPU
		{4BD5F14D-1357-4F19-8590-4348A5E0F794}.AppStore|iPhoneSimulator.Build.0 = Release|Any CPU
		{4BD5F14D-1357-4F19-8590-4348A5E0F794}.AppStore|iPhoneSimulator.Deploy.0 = Release|Any CPU
		{4BD5F14D-1357-4F19-8590-4348A5E0F794}.Debug|Any CPU.ActiveCfg = Debug|Any CPU
		{4BD5F14D-1357-4F19-8590-4348A5E0F794}.Debug|Any CPU.Build.0 = Debug|Any CPU
		{4BD5F14D-1357-4F19-8590-4348A5E0F794}.Debug|Any CPU.Deploy.0 = Debug|Any CPU
		{4BD5F14D-1357-4F19-8590-4348A5E0F794}.Debug|iPhone.ActiveCfg = Debug|Any CPU
		{4BD5F14D-1357-4F19-8590-4348A5E0F794}.Debug|iPhone.Build.0 = Debug|Any CPU
		{4BD5F14D-1357-4F19-8590-4348A5E0F794}.Debug|iPhone.Deploy.0 = Debug|Any CPU
		{4BD5F14D-1357-4F19-8590-4348A5E0F794}.Debug|iPhoneSimulator.ActiveCfg = Debug|Any CPU
		{4BD5F14D-1357-4F19-8590-4348A5E0F794}.Debug|iPhoneSimulator.Build.0 = Debug|Any CPU
		{4BD5F14D-1357-4F19-8590-4348A5E0F794}.Debug|iPhoneSimulator.Deploy.0 = Debug|Any CPU
		{4BD5F14D-1357-4F19-8590-4348A5E0F794}.Release|Any CPU.ActiveCfg = Release|Any CPU
		{4BD5F14D-1357-4F19-8590-4348A5E0F794}.Release|Any CPU.Build.0 = Release|Any CPU
		{4BD5F14D-1357-4F19-8590-4348A5E0F794}.Release|Any CPU.Deploy.0 = Release|Any CPU
		{4BD5F14D-1357-4F19-8590-4348A5E0F794}.Release|iPhone.ActiveCfg = Release|Any CPU
		{4BD5F14D-1357-4F19-8590-4348A5E0F794}.Release|iPhone.Build.0 = Release|Any CPU
		{4BD5F14D-1357-4F19-8590-4348A5E0F794}.Release|iPhone.Deploy.0 = Release|Any CPU
		{4BD5F14D-1357-4F19-8590-4348A5E0F794}.Release|iPhoneSimulator.ActiveCfg = Release|Any CPU
		{4BD5F14D-1357-4F19-8590-4348A5E0F794}.Release|iPhoneSimulator.Build.0 = Release|Any CPU
		{4BD5F14D-1357-4F19-8590-4348A5E0F794}.Release|iPhoneSimulator.Deploy.0 = Release|Any CPU
		{ABE3E5CF-2F56-4FE3-8162-2C76AA7D4BC9}.Ad-Hoc|Any CPU.ActiveCfg = Ad-Hoc|iPhone
		{ABE3E5CF-2F56-4FE3-8162-2C76AA7D4BC9}.Ad-Hoc|iPhone.ActiveCfg = Ad-Hoc|iPhone
		{ABE3E5CF-2F56-4FE3-8162-2C76AA7D4BC9}.Ad-Hoc|iPhone.Build.0 = Ad-Hoc|iPhone
		{ABE3E5CF-2F56-4FE3-8162-2C76AA7D4BC9}.Ad-Hoc|iPhoneSimulator.ActiveCfg = Ad-Hoc|iPhoneSimulator
		{ABE3E5CF-2F56-4FE3-8162-2C76AA7D4BC9}.Ad-Hoc|iPhoneSimulator.Build.0 = Ad-Hoc|iPhoneSimulator
		{ABE3E5CF-2F56-4FE3-8162-2C76AA7D4BC9}.AppStore|Any CPU.ActiveCfg = AppStore|iPhone
		{ABE3E5CF-2F56-4FE3-8162-2C76AA7D4BC9}.AppStore|iPhone.ActiveCfg = AppStore|iPhone
		{ABE3E5CF-2F56-4FE3-8162-2C76AA7D4BC9}.AppStore|iPhone.Build.0 = AppStore|iPhone
		{ABE3E5CF-2F56-4FE3-8162-2C76AA7D4BC9}.AppStore|iPhoneSimulator.ActiveCfg = AppStore|iPhoneSimulator
		{ABE3E5CF-2F56-4FE3-8162-2C76AA7D4BC9}.AppStore|iPhoneSimulator.Build.0 = AppStore|iPhoneSimulator
		{ABE3E5CF-2F56-4FE3-8162-2C76AA7D4BC9}.Debug|Any CPU.ActiveCfg = Debug|iPhone
		{ABE3E5CF-2F56-4FE3-8162-2C76AA7D4BC9}.Debug|iPhone.ActiveCfg = Debug|iPhone
		{ABE3E5CF-2F56-4FE3-8162-2C76AA7D4BC9}.Debug|iPhone.Build.0 = Debug|iPhone
		{ABE3E5CF-2F56-4FE3-8162-2C76AA7D4BC9}.Debug|iPhoneSimulator.ActiveCfg = Debug|iPhoneSimulator
		{ABE3E5CF-2F56-4FE3-8162-2C76AA7D4BC9}.Debug|iPhoneSimulator.Build.0 = Debug|iPhoneSimulator
		{ABE3E5CF-2F56-4FE3-8162-2C76AA7D4BC9}.Release|Any CPU.ActiveCfg = Release|iPhone
		{ABE3E5CF-2F56-4FE3-8162-2C76AA7D4BC9}.Release|iPhone.ActiveCfg = Release|iPhone
		{ABE3E5CF-2F56-4FE3-8162-2C76AA7D4BC9}.Release|iPhone.Build.0 = Release|iPhone
		{ABE3E5CF-2F56-4FE3-8162-2C76AA7D4BC9}.Release|iPhoneSimulator.ActiveCfg = Release|iPhoneSimulator
		{ABE3E5CF-2F56-4FE3-8162-2C76AA7D4BC9}.Release|iPhoneSimulator.Build.0 = Release|iPhoneSimulator
		{F075ADA3-0517-49D4-86EC-65B68FB680ED}.Ad-Hoc|Any CPU.ActiveCfg = Release|Any CPU
		{F075ADA3-0517-49D4-86EC-65B68FB680ED}.Ad-Hoc|Any CPU.Build.0 = Release|Any CPU
		{F075ADA3-0517-49D4-86EC-65B68FB680ED}.Ad-Hoc|Any CPU.Deploy.0 = Release|Any CPU
		{F075ADA3-0517-49D4-86EC-65B68FB680ED}.Ad-Hoc|iPhone.ActiveCfg = Release|Any CPU
		{F075ADA3-0517-49D4-86EC-65B68FB680ED}.Ad-Hoc|iPhone.Build.0 = Release|Any CPU
		{F075ADA3-0517-49D4-86EC-65B68FB680ED}.Ad-Hoc|iPhone.Deploy.0 = Release|Any CPU
		{F075ADA3-0517-49D4-86EC-65B68FB680ED}.Ad-Hoc|iPhoneSimulator.ActiveCfg = Release|Any CPU
		{F075ADA3-0517-49D4-86EC-65B68FB680ED}.Ad-Hoc|iPhoneSimulator.Build.0 = Release|Any CPU
		{F075ADA3-0517-49D4-86EC-65B68FB680ED}.Ad-Hoc|iPhoneSimulator.Deploy.0 = Release|Any CPU
		{F075ADA3-0517-49D4-86EC-65B68FB680ED}.AppStore|Any CPU.ActiveCfg = Release|Any CPU
		{F075ADA3-0517-49D4-86EC-65B68FB680ED}.AppStore|Any CPU.Build.0 = Release|Any CPU
		{F075ADA3-0517-49D4-86EC-65B68FB680ED}.AppStore|Any CPU.Deploy.0 = Release|Any CPU
		{F075ADA3-0517-49D4-86EC-65B68FB680ED}.AppStore|iPhone.ActiveCfg = Release|Any CPU
		{F075ADA3-0517-49D4-86EC-65B68FB680ED}.AppStore|iPhone.Build.0 = Release|Any CPU
		{F075ADA3-0517-49D4-86EC-65B68FB680ED}.AppStore|iPhone.Deploy.0 = Release|Any CPU
		{F075ADA3-0517-49D4-86EC-65B68FB680ED}.AppStore|iPhoneSimulator.ActiveCfg = Release|Any CPU
		{F075ADA3-0517-49D4-86EC-65B68FB680ED}.AppStore|iPhoneSimulator.Build.0 = Release|Any CPU
		{F075ADA3-0517-49D4-86EC-65B68FB680ED}.AppStore|iPhoneSimulator.Deploy.0 = Release|Any CPU
		{F075ADA3-0517-49D4-86EC-65B68FB680ED}.Debug|Any CPU.ActiveCfg = Debug|Any CPU
		{F075ADA3-0517-49D4-86EC-65B68FB680ED}.Debug|Any CPU.Build.0 = Debug|Any CPU
		{F075ADA3-0517-49D4-86EC-65B68FB680ED}.Debug|Any CPU.Deploy.0 = Debug|Any CPU
		{F075ADA3-0517-49D4-86EC-65B68FB680ED}.Debug|iPhone.ActiveCfg = Debug|Any CPU
		{F075ADA3-0517-49D4-86EC-65B68FB680ED}.Debug|iPhone.Build.0 = Debug|Any CPU
		{F075ADA3-0517-49D4-86EC-65B68FB680ED}.Debug|iPhone.Deploy.0 = Debug|Any CPU
		{F075ADA3-0517-49D4-86EC-65B68FB680ED}.Debug|iPhoneSimulator.ActiveCfg = Debug|Any CPU
		{F075ADA3-0517-49D4-86EC-65B68FB680ED}.Debug|iPhoneSimulator.Build.0 = Debug|Any CPU
		{F075ADA3-0517-49D4-86EC-65B68FB680ED}.Debug|iPhoneSimulator.Deploy.0 = Debug|Any CPU
		{F075ADA3-0517-49D4-86EC-65B68FB680ED}.Release|Any CPU.ActiveCfg = Release|Any CPU
		{F075ADA3-0517-49D4-86EC-65B68FB680ED}.Release|Any CPU.Build.0 = Release|Any CPU
		{F075ADA3-0517-49D4-86EC-65B68FB680ED}.Release|Any CPU.Deploy.0 = Release|Any CPU
		{F075ADA3-0517-49D4-86EC-65B68FB680ED}.Release|iPhone.ActiveCfg = Release|Any CPU
		{F075ADA3-0517-49D4-86EC-65B68FB680ED}.Release|iPhone.Build.0 = Release|Any CPU
		{F075ADA3-0517-49D4-86EC-65B68FB680ED}.Release|iPhone.Deploy.0 = Release|Any CPU
		{F075ADA3-0517-49D4-86EC-65B68FB680ED}.Release|iPhoneSimulator.ActiveCfg = Release|Any CPU
		{F075ADA3-0517-49D4-86EC-65B68FB680ED}.Release|iPhoneSimulator.Build.0 = Release|Any CPU
		{F075ADA3-0517-49D4-86EC-65B68FB680ED}.Release|iPhoneSimulator.Deploy.0 = Release|Any CPU
		{F34FBB10-D09C-43A1-BEDF-D61DF1827404}.Ad-Hoc|Any CPU.ActiveCfg = Release|iPhone
		{F34FBB10-D09C-43A1-BEDF-D61DF1827404}.Ad-Hoc|Any CPU.Build.0 = Release|iPhone
		{F34FBB10-D09C-43A1-BEDF-D61DF1827404}.Ad-Hoc|iPhone.ActiveCfg = Release|iPhone
		{F34FBB10-D09C-43A1-BEDF-D61DF1827404}.Ad-Hoc|iPhone.Build.0 = Release|iPhone
		{F34FBB10-D09C-43A1-BEDF-D61DF1827404}.Ad-Hoc|iPhoneSimulator.ActiveCfg = Release|iPhoneSimulator
		{F34FBB10-D09C-43A1-BEDF-D61DF1827404}.Ad-Hoc|iPhoneSimulator.Build.0 = Release|iPhoneSimulator
		{F34FBB10-D09C-43A1-BEDF-D61DF1827404}.AppStore|Any CPU.ActiveCfg = Release|iPhone
		{F34FBB10-D09C-43A1-BEDF-D61DF1827404}.AppStore|Any CPU.Build.0 = Release|iPhone
		{F34FBB10-D09C-43A1-BEDF-D61DF1827404}.AppStore|iPhone.ActiveCfg = Release|iPhone
		{F34FBB10-D09C-43A1-BEDF-D61DF1827404}.AppStore|iPhone.Build.0 = Release|iPhone
		{F34FBB10-D09C-43A1-BEDF-D61DF1827404}.AppStore|iPhoneSimulator.ActiveCfg = Release|iPhoneSimulator
		{F34FBB10-D09C-43A1-BEDF-D61DF1827404}.AppStore|iPhoneSimulator.Build.0 = Release|iPhoneSimulator
		{F34FBB10-D09C-43A1-BEDF-D61DF1827404}.Debug|Any CPU.ActiveCfg = Debug|iPhone
		{F34FBB10-D09C-43A1-BEDF-D61DF1827404}.Debug|iPhone.ActiveCfg = Debug|iPhone
		{F34FBB10-D09C-43A1-BEDF-D61DF1827404}.Debug|iPhone.Build.0 = Debug|iPhone
		{F34FBB10-D09C-43A1-BEDF-D61DF1827404}.Debug|iPhoneSimulator.ActiveCfg = Debug|iPhoneSimulator
		{F34FBB10-D09C-43A1-BEDF-D61DF1827404}.Debug|iPhoneSimulator.Build.0 = Debug|iPhoneSimulator
		{F34FBB10-D09C-43A1-BEDF-D61DF1827404}.Release|Any CPU.ActiveCfg = Release|iPhone
		{F34FBB10-D09C-43A1-BEDF-D61DF1827404}.Release|iPhone.ActiveCfg = Release|iPhone
		{F34FBB10-D09C-43A1-BEDF-D61DF1827404}.Release|iPhone.Build.0 = Release|iPhone
		{F34FBB10-D09C-43A1-BEDF-D61DF1827404}.Release|iPhoneSimulator.ActiveCfg = Release|iPhoneSimulator
		{F34FBB10-D09C-43A1-BEDF-D61DF1827404}.Release|iPhoneSimulator.Build.0 = Release|iPhoneSimulator
	EndGlobalSection
	GlobalSection(SolutionProperties) = preSolution
		HideSolutionNode = FALSE
	EndGlobalSection
	GlobalSection(ExtensibilityGlobals) = postSolution
		SolutionGuid = {A2DBAA09-59CE-470C-8CBA-BD769D8C5678}
	EndGlobalSection
EndGlobal
